
Microsoft Visual Studio Solution File, Format Version 12.00
# Visual Studio Version 17
VisualStudioVersion = 17.9.34728.123
MinimumVisualStudioVersion = 10.0.40219.1
Project("{9A19103F-16F7-4668-BE54-9A1E7A4F7556}") = "Authorization", "Authorization\Authorization.csproj", "{2FFEBBB0-5490-4FE2-9640-2A282E83DBC7}"
EndProject
Global
	GlobalSection(SolutionConfigurationPlatforms) = preSolution
		Debug|Any CPU = Debug|Any CPU
		Release|Any CPU = Release|Any CPU
	EndGlobalSection
	GlobalSection(ProjectConfigurationPlatforms) = postSolution
		{2FFEBBB0-5490-4FE2-9640-2A282E83DBC7}.Debug|Any CPU.ActiveCfg = Debug|Any CPU
		{2FFEBBB0-5490-4FE2-9640-2A282E83DBC7}.Debug|Any CPU.Build.0 = Debug|Any CPU
		{2FFEBBB0-5490-4FE2-9640-2A282E83DBC7}.Release|Any CPU.ActiveCfg = Release|Any CPU
		{2FFEBBB0-5490-4FE2-9640-2A282E83DBC7}.Release|Any CPU.Build.0 = Release|Any CPU
	EndGlobalSection
	GlobalSection(SolutionProperties) = preSolution
		HideSolutionNode = FALSE
	EndGlobalSection
	GlobalSection(ExtensibilityGlobals) = postSolution
		SolutionGuid = {7F857310-F25F-4396-9122-2F7286B9620D}
	EndGlobalSection
EndGlobal
